
Microsoft Visual Studio Solution File, Format Version 12.00
# Visual Studio Version 17
VisualStudioVersion = 17.8.34322.80
MinimumVisualStudioVersion = 10.0.40219.1
Project("{FAE04EC0-301F-11D3-BF4B-00C04F79EFBC}") = "API", "API\API.csproj", "{B0709BCC-0BE6-48E4-B591-A92F023B62CE}"
EndProject
Global
	GlobalSection(SolutionConfigurationPlatforms) = preSolution
		Debug|Any CPU = Debug|Any CPU
		Release|Any CPU = Release|Any CPU
	EndGlobalSection
	GlobalSection(ProjectConfigurationPlatforms) = postSolution
		{B0709BCC-0BE6-48E4-B591-A92F023B62CE}.Debug|Any CPU.ActiveCfg = Debug|Any CPU
		{B0709BCC-0BE6-48E4-B591-A92F023B62CE}.Debug|Any CPU.Build.0 = Debug|Any CPU
		{B0709BCC-0BE6-48E4-B591-A92F023B62CE}.Release|Any CPU.ActiveCfg = Release|Any CPU
		{B0709BCC-0BE6-48E4-B591-A92F023B62CE}.Release|Any CPU.Build.0 = Release|Any CPU
	EndGlobalSection
	GlobalSection(SolutionProperties) = preSolution
		HideSolutionNode = FALSE
	EndGlobalSection
	GlobalSection(ExtensibilityGlobals) = postSolution
		SolutionGuid = {044742FB-36D9-4EF3-96DF-7A6D7545FD6F}
	EndGlobalSection
EndGlobal
